
Microsoft Visual Studio Solution File, Format Version 12.00
# Visual Studio Version 16
VisualStudioVersion = 16.0.29827.131
MinimumVisualStudioVersion = 10.0.40219.1
Project("{9A19103F-16F7-4668-BE54-9A1E7A4F7556}") = "Taxi.Common", "Taxi.Common\Taxi.Common.csproj", "{8E177A54-8BDA-47FD-8D24-15E634E227E9}"
EndProject
Project("{9A19103F-16F7-4668-BE54-9A1E7A4F7556}") = "Taxi.Web", "Taxi.Web\Taxi.Web.csproj", "{459371D9-1391-4CF0-B76C-72D4C30A48C6}"
EndProject
Project("{9A19103F-16F7-4668-BE54-9A1E7A4F7556}") = "Taxi.Prism", "Taxi.Prism\Taxi.Prism\Taxi.Prism.csproj", "{5F2312D2-9991-43E0-84AD-C5501477D92D}"
EndProject
Project("{FAE04EC0-301F-11D3-BF4B-00C04F79EFBC}") = "Taxi.Prism.Android", "Taxi.Prism\Taxi.Prism.Android\Taxi.Prism.Android.csproj", "{69593B9E-D638-4EE1-BEAB-F589A78BC930}"
EndProject
Project("{FAE04EC0-301F-11D3-BF4B-00C04F79EFBC}") = "Taxi.Prism.iOS", "Taxi.Prism\Taxi.Prism.iOS\Taxi.Prism.iOS.csproj", "{2EE80D72-1995-453E-A4D1-A6BCD7B800BC}"
EndProject
Project("{FAE04EC0-301F-11D3-BF4B-00C04F79EFBC}") = "Taxi.Cross.Android", "Taxi.Cross.Android\Taxi.Cross.Android.csproj", "{26DC0182-8BB4-4183-AAFA-08BBBC9FE57E}"
EndProject
Global
	GlobalSection(SolutionConfigurationPlatforms) = preSolution
		Ad-Hoc|Any CPU = Ad-Hoc|Any CPU
		Ad-Hoc|iPhone = Ad-Hoc|iPhone
		Ad-Hoc|iPhoneSimulator = Ad-Hoc|iPhoneSimulator
		AppStore|Any CPU = AppStore|Any CPU
		AppStore|iPhone = AppStore|iPhone
		AppStore|iPhoneSimulator = AppStore|iPhoneSimulator
		Debug|Any CPU = Debug|Any CPU
		Debug|iPhone = Debug|iPhone
		Debug|iPhoneSimulator = Debug|iPhoneSimulator
		Release|Any CPU = Release|Any CPU
		Release|iPhone = Release|iPhone
		Release|iPhoneSimulator = Release|iPhoneSimulator
	EndGlobalSection
	GlobalSection(ProjectConfigurationPlatforms) = postSolution
		{8E177A54-8BDA-47FD-8D24-15E634E227E9}.Ad-Hoc|Any CPU.ActiveCfg = Release|Any CPU
		{8E177A54-8BDA-47FD-8D24-15E634E227E9}.Ad-Hoc|Any CPU.Build.0 = Release|Any CPU
		{8E177A54-8BDA-47FD-8D24-15E634E227E9}.Ad-Hoc|iPhone.ActiveCfg = Release|Any CPU
		{8E177A54-8BDA-47FD-8D24-15E634E227E9}.Ad-Hoc|iPhone.Build.0 = Release|Any CPU
		{8E177A54-8BDA-47FD-8D24-15E634E227E9}.Ad-Hoc|iPhoneSimulator.ActiveCfg = Release|Any CPU
		{8E177A54-8BDA-47FD-8D24-15E634E227E9}.Ad-Hoc|iPhoneSimulator.Build.0 = Release|Any CPU
		{8E177A54-8BDA-47FD-8D24-15E634E227E9}.AppStore|Any CPU.ActiveCfg = Release|Any CPU
		{8E177A54-8BDA-47FD-8D24-15E634E227E9}.AppStore|Any CPU.Build.0 = Release|Any CPU
		{8E177A54-8BDA-47FD-8D24-15E634E227E9}.AppStore|iPhone.ActiveCfg = Release|Any CPU
		{8E177A54-8BDA-47FD-8D24-15E634E227E9}.AppStore|iPhone.Build.0 = Release|Any CPU
		{8E177A54-8BDA-47FD-8D24-15E634E227E9}.AppStore|iPhoneSimulator.ActiveCfg = Release|Any CPU
		{8E177A54-8BDA-47FD-8D24-15E634E227E9}.AppStore|iPhoneSimulator.Build.0 = Release|Any CPU
		{8E177A54-8BDA-47FD-8D24-15E634E227E9}.Debug|Any CPU.ActiveCfg = Debug|Any CPU
		{8E177A54-8BDA-47FD-8D24-15E634E227E9}.Debug|Any CPU.Build.0 = Debug|Any CPU
		{8E177A54-8BDA-47FD-8D24-15E634E227E9}.Debug|iPhone.ActiveCfg = Debug|Any CPU
		{8E177A54-8BDA-47FD-8D24-15E634E227E9}.Debug|iPhone.Build.0 = Debug|Any CPU
		{8E177A54-8BDA-47FD-8D24-15E634E227E9}.Debug|iPhoneSimulator.ActiveCfg = Debug|Any CPU
		{8E177A54-8BDA-47FD-8D24-15E634E227E9}.Debug|iPhoneSimulator.Build.0 = Debug|Any CPU
		{8E177A54-8BDA-47FD-8D24-15E634E227E9}.Release|Any CPU.ActiveCfg = Release|Any CPU
		{8E177A54-8BDA-47FD-8D24-15E634E227E9}.Release|Any CPU.Build.0 = Release|Any CPU
		{8E177A54-8BDA-47FD-8D24-15E634E227E9}.Release|iPhone.ActiveCfg = Release|Any CPU
		{8E177A54-8BDA-47FD-8D24-15E634E227E9}.Release|iPhone.Build.0 = Release|Any CPU
		{8E177A54-8BDA-47FD-8D24-15E634E227E9}.Release|iPhoneSimulator.ActiveCfg = Release|Any CPU
		{8E177A54-8BDA-47FD-8D24-15E634E227E9}.Release|iPhoneSimulator.Build.0 = Release|Any CPU
		{459371D9-1391-4CF0-B76C-72D4C30A48C6}.Ad-Hoc|Any CPU.ActiveCfg = Release|Any CPU
		{459371D9-1391-4CF0-B76C-72D4C30A48C6}.Ad-Hoc|Any CPU.Build.0 = Release|Any CPU
		{459371D9-1391-4CF0-B76C-72D4C30A48C6}.Ad-Hoc|iPhone.ActiveCfg = Release|Any CPU
		{459371D9-1391-4CF0-B76C-72D4C30A48C6}.Ad-Hoc|iPhone.Build.0 = Release|Any CPU
		{459371D9-1391-4CF0-B76C-72D4C30A48C6}.Ad-Hoc|iPhoneSimulator.ActiveCfg = Release|Any CPU
		{459371D9-1391-4CF0-B76C-72D4C30A48C6}.Ad-Hoc|iPhoneSimulator.Build.0 = Release|Any CPU
		{459371D9-1391-4CF0-B76C-72D4C30A48C6}.AppStore|Any CPU.ActiveCfg = Release|Any CPU
		{459371D9-1391-4CF0-B76C-72D4C30A48C6}.AppStore|Any CPU.Build.0 = Release|Any CPU
		{459371D9-1391-4CF0-B76C-72D4C30A48C6}.AppStore|iPhone.ActiveCfg = Release|Any CPU
		{459371D9-1391-4CF0-B76C-72D4C30A48C6}.AppStore|iPhone.Build.0 = Release|Any CPU
		{459371D9-1391-4CF0-B76C-72D4C30A48C6}.AppStore|iPhoneSimulator.ActiveCfg = Release|Any CPU
		{459371D9-1391-4CF0-B76C-72D4C30A48C6}.AppStore|iPhoneSimulator.Build.0 = Release|Any CPU
		{459371D9-1391-4CF0-B76C-72D4C30A48C6}.Debug|Any CPU.ActiveCfg = Debug|Any CPU
		{459371D9-1391-4CF0-B76C-72D4C30A48C6}.Debug|Any CPU.Build.0 = Debug|Any CPU
		{459371D9-1391-4CF0-B76C-72D4C30A48C6}.Debug|iPhone.ActiveCfg = Debug|Any CPU
		{459371D9-1391-4CF0-B76C-72D4C30A48C6}.Debug|iPhone.Build.0 = Debug|Any CPU
		{459371D9-1391-4CF0-B76C-72D4C30A48C6}.Debug|iPhoneSimulator.ActiveCfg = Debug|Any CPU
		{459371D9-1391-4CF0-B76C-72D4C30A48C6}.Debug|iPhoneSimulator.Build.0 = Debug|Any CPU
		{459371D9-1391-4CF0-B76C-72D4C30A48C6}.Release|Any CPU.ActiveCfg = Release|Any CPU
		{459371D9-1391-4CF0-B76C-72D4C30A48C6}.Release|Any CPU.Build.0 = Release|Any CPU
		{459371D9-1391-4CF0-B76C-72D4C30A48C6}.Release|iPhone.ActiveCfg = Release|Any CPU
		{459371D9-1391-4CF0-B76C-72D4C30A48C6}.Release|iPhone.Build.0 = Release|Any CPU
		{459371D9-1391-4CF0-B76C-72D4C30A48C6}.Release|iPhoneSimulator.ActiveCfg = Release|Any CPU
		{459371D9-1391-4CF0-B76C-72D4C30A48C6}.Release|iPhoneSimulator.Build.0 = Release|Any CPU
		{5F2312D2-9991-43E0-84AD-C5501477D92D}.Ad-Hoc|Any CPU.ActiveCfg = Debug|Any CPU
		{5F2312D2-9991-43E0-84AD-C5501477D92D}.Ad-Hoc|Any CPU.Build.0 = Debug|Any CPU
		{5F2312D2-9991-43E0-84AD-C5501477D92D}.Ad-Hoc|iPhone.ActiveCfg = Debug|Any CPU
		{5F2312D2-9991-43E0-84AD-C5501477D92D}.Ad-Hoc|iPhone.Build.0 = Debug|Any CPU
		{5F2312D2-9991-43E0-84AD-C5501477D92D}.Ad-Hoc|iPhoneSimulator.ActiveCfg = Debug|Any CPU
		{5F2312D2-9991-43E0-84AD-C5501477D92D}.Ad-Hoc|iPhoneSimulator.Build.0 = Debug|Any CPU
		{5F2312D2-9991-43E0-84AD-C5501477D92D}.AppStore|Any CPU.ActiveCfg = Debug|Any CPU
		{5F2312D2-9991-43E0-84AD-C5501477D92D}.AppStore|Any CPU.Build.0 = Debug|Any CPU
		{5F2312D2-9991-43E0-84AD-C5501477D92D}.AppStore|iPhone.ActiveCfg = Debug|Any CPU
		{5F2312D2-9991-43E0-84AD-C5501477D92D}.AppStore|iPhone.Build.0 = Debug|Any CPU
		{5F2312D2-9991-43E0-84AD-C5501477D92D}.AppStore|iPhoneSimulator.ActiveCfg = Debug|Any CPU
		{5F2312D2-9991-43E0-84AD-C5501477D92D}.AppStore|iPhoneSimulator.Build.0 = Debug|Any CPU
		{5F2312D2-9991-43E0-84AD-C5501477D92D}.Debug|Any CPU.ActiveCfg = Debug|Any CPU
		{5F2312D2-9991-43E0-84AD-C5501477D92D}.Debug|Any CPU.Build.0 = Debug|Any CPU
		{5F2312D2-9991-43E0-84AD-C5501477D92D}.Debug|iPhone.ActiveCfg = Debug|Any CPU
		{5F2312D2-9991-43E0-84AD-C5501477D92D}.Debug|iPhone.Build.0 = Debug|Any CPU
		{5F2312D2-9991-43E0-84AD-C5501477D92D}.Debug|iPhoneSimulator.ActiveCfg = Debug|Any CPU
		{5F2312D2-9991-43E0-84AD-C5501477D92D}.Debug|iPhoneSimulator.Build.0 = Debug|Any CPU
		{5F2312D2-9991-43E0-84AD-C5501477D92D}.Release|Any CPU.ActiveCfg = Release|Any CPU
		{5F2312D2-9991-43E0-84AD-C5501477D92D}.Release|Any CPU.Build.0 = Release|Any CPU
		{5F2312D2-9991-43E0-84AD-C5501477D92D}.Release|iPhone.ActiveCfg = Release|Any CPU
		{5F2312D2-9991-43E0-84AD-C5501477D92D}.Release|iPhone.Build.0 = Release|Any CPU
		{5F2312D2-9991-43E0-84AD-C5501477D92D}.Release|iPhoneSimulator.ActiveCfg = Release|Any CPU
		{5F2312D2-9991-43E0-84AD-C5501477D92D}.Release|iPhoneSimulator.Build.0 = Release|Any CPU
		{69593B9E-D638-4EE1-BEAB-F589A78BC930}.Ad-Hoc|Any CPU.ActiveCfg = Release|Any CPU
		{69593B9E-D638-4EE1-BEAB-F589A78BC930}.Ad-Hoc|Any CPU.Build.0 = Release|Any CPU
		{69593B9E-D638-4EE1-BEAB-F589A78BC930}.Ad-Hoc|Any CPU.Deploy.0 = Release|Any CPU
		{69593B9E-D638-4EE1-BEAB-F589A78BC930}.Ad-Hoc|iPhone.ActiveCfg = Release|Any CPU
		{69593B9E-D638-4EE1-BEAB-F589A78BC930}.Ad-Hoc|iPhone.Build.0 = Release|Any CPU
		{69593B9E-D638-4EE1-BEAB-F589A78BC930}.Ad-Hoc|iPhone.Deploy.0 = Release|Any CPU
		{69593B9E-D638-4EE1-BEAB-F589A78BC930}.Ad-Hoc|iPhoneSimulator.ActiveCfg = Release|Any CPU
		{69593B9E-D638-4EE1-BEAB-F589A78BC930}.Ad-Hoc|iPhoneSimulator.Build.0 = Release|Any CPU
		{69593B9E-D638-4EE1-BEAB-F589A78BC930}.Ad-Hoc|iPhoneSimulator.Deploy.0 = Release|Any CPU
		{69593B9E-D638-4EE1-BEAB-F589A78BC930}.AppStore|Any CPU.ActiveCfg = Release|Any CPU
		{69593B9E-D638-4EE1-BEAB-F589A78BC930}.AppStore|Any CPU.Build.0 = Release|Any CPU
		{69593B9E-D638-4EE1-BEAB-F589A78BC930}.AppStore|Any CPU.Deploy.0 = Release|Any CPU
		{69593B9E-D638-4EE1-BEAB-F589A78BC930}.AppStore|iPhone.ActiveCfg = Release|Any CPU
		{69593B9E-D638-4EE1-BEAB-F589A78BC930}.AppStore|iPhone.Build.0 = Release|Any CPU
		{69593B9E-D638-4EE1-BEAB-F589A78BC930}.AppStore|iPhone.Deploy.0 = Release|Any CPU
		{69593B9E-D638-4EE1-BEAB-F589A78BC930}.AppStore|iPhoneSimulator.ActiveCfg = Release|Any CPU
		{69593B9E-D638-4EE1-BEAB-F589A78BC930}.AppStore|iPhoneSimulator.Build.0 = Release|Any CPU
		{69593B9E-D638-4EE1-BEAB-F589A78BC930}.AppStore|iPhoneSimulator.Deploy.0 = Release|Any CPU
		{69593B9E-D638-4EE1-BEAB-F589A78BC930}.Debug|Any CPU.ActiveCfg = Debug|Any CPU
		{69593B9E-D638-4EE1-BEAB-F589A78BC930}.Debug|Any CPU.Build.0 = Debug|Any CPU
		{69593B9E-D638-4EE1-BEAB-F589A78BC930}.Debug|Any CPU.Deploy.0 = Debug|Any CPU
		{69593B9E-D638-4EE1-BEAB-F589A78BC930}.Debug|iPhone.ActiveCfg = Debug|Any CPU
		{69593B9E-D638-4EE1-BEAB-F589A78BC930}.Debug|iPhone.Build.0 = Debug|Any CPU
		{69593B9E-D638-4EE1-BEAB-F589A78BC930}.Debug|iPhone.Deploy.0 = Debug|Any CPU
		{69593B9E-D638-4EE1-BEAB-F589A78BC930}.Debug|iPhoneSimulator.ActiveCfg = Debug|Any CPU
		{69593B9E-D638-4EE1-BEAB-F589A78BC930}.Debug|iPhoneSimulator.Build.0 = Debug|Any CPU
		{69593B9E-D638-4EE1-BEAB-F589A78BC930}.Debug|iPhoneSimulator.Deploy.0 = Debug|Any CPU
		{69593B9E-D638-4EE1-BEAB-F589A78BC930}.Release|Any CPU.ActiveCfg = Release|Any CPU
		{69593B9E-D638-4EE1-BEAB-F589A78BC930}.Release|Any CPU.Build.0 = Release|Any CPU
		{69593B9E-D638-4EE1-BEAB-F589A78BC930}.Release|Any CPU.Deploy.0 = Release|Any CPU
		{69593B9E-D638-4EE1-BEAB-F589A78BC930}.Release|iPhone.ActiveCfg = Release|Any CPU
		{69593B9E-D638-4EE1-BEAB-F589A78BC930}.Release|iPhone.Build.0 = Release|Any CPU
		{69593B9E-D638-4EE1-BEAB-F589A78BC930}.Release|iPhone.Deploy.0 = Release|Any CPU
		{69593B9E-D638-4EE1-BEAB-F589A78BC930}.Release|iPhoneSimulator.ActiveCfg = Release|Any CPU
		{69593B9E-D638-4EE1-BEAB-F589A78BC930}.Release|iPhoneSimulator.Build.0 = Release|Any CPU
		{69593B9E-D638-4EE1-BEAB-F589A78BC930}.Release|iPhoneSimulator.Deploy.0 = Release|Any CPU
		{2EE80D72-1995-453E-A4D1-A6BCD7B800BC}.Ad-Hoc|Any CPU.ActiveCfg = Ad-Hoc|iPhone
		{2EE80D72-1995-453E-A4D1-A6BCD7B800BC}.Ad-Hoc|iPhone.ActiveCfg = Ad-Hoc|iPhone
		{2EE80D72-1995-453E-A4D1-A6BCD7B800BC}.Ad-Hoc|iPhone.Build.0 = Ad-Hoc|iPhone
		{2EE80D72-1995-453E-A4D1-A6BCD7B800BC}.Ad-Hoc|iPhoneSimulator.ActiveCfg = Ad-Hoc|iPhoneSimulator
		{2EE80D72-1995-453E-A4D1-A6BCD7B800BC}.Ad-Hoc|iPhoneSimulator.Build.0 = Ad-Hoc|iPhoneSimulator
		{2EE80D72-1995-453E-A4D1-A6BCD7B800BC}.AppStore|Any CPU.ActiveCfg = AppStore|iPhone
		{2EE80D72-1995-453E-A4D1-A6BCD7B800BC}.AppStore|iPhone.ActiveCfg = AppStore|iPhone
		{2EE80D72-1995-453E-A4D1-A6BCD7B800BC}.AppStore|iPhone.Build.0 = AppStore|iPhone
		{2EE80D72-1995-453E-A4D1-A6BCD7B800BC}.AppStore|iPhoneSimulator.ActiveCfg = AppStore|iPhoneSimulator
		{2EE80D72-1995-453E-A4D1-A6BCD7B800BC}.AppStore|iPhoneSimulator.Build.0 = AppStore|iPhoneSimulator
		{2EE80D72-1995-453E-A4D1-A6BCD7B800BC}.Debug|Any CPU.ActiveCfg = Debug|iPhone
		{2EE80D72-1995-453E-A4D1-A6BCD7B800BC}.Debug|iPhone.ActiveCfg = Debug|iPhone
		{2EE80D72-1995-453E-A4D1-A6BCD7B800BC}.Debug|iPhone.Build.0 = Debug|iPhone
		{2EE80D72-1995-453E-A4D1-A6BCD7B800BC}.Debug|iPhoneSimulator.ActiveCfg = Debug|iPhoneSimulator
		{2EE80D72-1995-453E-A4D1-A6BCD7B800BC}.Debug|iPhoneSimulator.Build.0 = Debug|iPhoneSimulator
		{2EE80D72-1995-453E-A4D1-A6BCD7B800BC}.Release|Any CPU.ActiveCfg = Release|iPhone
		{2EE80D72-1995-453E-A4D1-A6BCD7B800BC}.Release|iPhone.ActiveCfg = Release|iPhone
		{2EE80D72-1995-453E-A4D1-A6BCD7B800BC}.Release|iPhone.Build.0 = Release|iPhone
		{2EE80D72-1995-453E-A4D1-A6BCD7B800BC}.Release|iPhoneSimulator.ActiveCfg = Release|iPhoneSimulator
		{2EE80D72-1995-453E-A4D1-A6BCD7B800BC}.Release|iPhoneSimulator.Build.0 = Release|iPhoneSimulator
		{26DC0182-8BB4-4183-AAFA-08BBBC9FE57E}.Ad-Hoc|Any CPU.ActiveCfg = Release|Any CPU
		{26DC0182-8BB4-4183-AAFA-08BBBC9FE57E}.Ad-Hoc|Any CPU.Build.0 = Release|Any CPU
		{26DC0182-8BB4-4183-AAFA-08BBBC9FE57E}.Ad-Hoc|Any CPU.Deploy.0 = Release|Any CPU
		{26DC0182-8BB4-4183-AAFA-08BBBC9FE57E}.Ad-Hoc|iPhone.ActiveCfg = Release|Any CPU
		{26DC0182-8BB4-4183-AAFA-08BBBC9FE57E}.Ad-Hoc|iPhone.Build.0 = Release|Any CPU
		{26DC0182-8BB4-4183-AAFA-08BBBC9FE57E}.Ad-Hoc|iPhone.Deploy.0 = Release|Any CPU
		{26DC0182-8BB4-4183-AAFA-08BBBC9FE57E}.Ad-Hoc|iPhoneSimulator.ActiveCfg = Release|Any CPU
		{26DC0182-8BB4-4183-AAFA-08BBBC9FE57E}.Ad-Hoc|iPhoneSimulator.Build.0 = Release|Any CPU
		{26DC0182-8BB4-4183-AAFA-08BBBC9FE57E}.Ad-Hoc|iPhoneSimulator.Deploy.0 = Release|Any CPU
		{26DC0182-8BB4-4183-AAFA-08BBBC9FE57E}.AppStore|Any CPU.ActiveCfg = Release|Any CPU
		{26DC0182-8BB4-4183-AAFA-08BBBC9FE57E}.AppStore|Any CPU.Build.0 = Release|Any CPU
		{26DC0182-8BB4-4183-AAFA-08BBBC9FE57E}.AppStore|Any CPU.Deploy.0 = Release|Any CPU
		{26DC0182-8BB4-4183-AAFA-08BBBC9FE57E}.AppStore|iPhone.ActiveCfg = Release|Any CPU
		{26DC0182-8BB4-4183-AAFA-08BBBC9FE57E}.AppStore|iPhone.Build.0 = Release|Any CPU
		{26DC0182-8BB4-4183-AAFA-08BBBC9FE57E}.AppStore|iPhone.Deploy.0 = Release|Any CPU
		{26DC0182-8BB4-4183-AAFA-08BBBC9FE57E}.AppStore|iPhoneSimulator.ActiveCfg = Release|Any CPU
		{26DC0182-8BB4-4183-AAFA-08BBBC9FE57E}.AppStore|iPhoneSimulator.Build.0 = Release|Any CPU
		{26DC0182-8BB4-4183-AAFA-08BBBC9FE57E}.AppStore|iPhoneSimulator.Deploy.0 = Release|Any CPU
		{26DC0182-8BB4-4183-AAFA-08BBBC9FE57E}.Debug|Any CPU.ActiveCfg = Debug|Any CPU
		{26DC0182-8BB4-4183-AAFA-08BBBC9FE57E}.Debug|Any CPU.Build.0 = Debug|Any CPU
		{26DC0182-8BB4-4183-AAFA-08BBBC9FE57E}.Debug|Any CPU.Deploy.0 = Debug|Any CPU
		{26DC0182-8BB4-4183-AAFA-08BBBC9FE57E}.Debug|iPhone.ActiveCfg = Debug|Any CPU
		{26DC0182-8BB4-4183-AAFA-08BBBC9FE57E}.Debug|iPhone.Build.0 = Debug|Any CPU
		{26DC0182-8BB4-4183-AAFA-08BBBC9FE57E}.Debug|iPhone.Deploy.0 = Debug|Any CPU
		{26DC0182-8BB4-4183-AAFA-08BBBC9FE57E}.Debug|iPhoneSimulator.ActiveCfg = Debug|Any CPU
		{26DC0182-8BB4-4183-AAFA-08BBBC9FE57E}.Debug|iPhoneSimulator.Build.0 = Debug|Any CPU
		{26DC0182-8BB4-4183-AAFA-08BBBC9FE57E}.Debug|iPhoneSimulator.Deploy.0 = Debug|Any CPU
		{26DC0182-8BB4-4183-AAFA-08BBBC9FE57E}.Release|Any CPU.ActiveCfg = Release|Any CPU
		{26DC0182-8BB4-4183-AAFA-08BBBC9FE57E}.Release|Any CPU.Build.0 = Release|Any CPU
		{26DC0182-8BB4-4183-AAFA-08BBBC9FE57E}.Release|Any CPU.Deploy.0 = Release|Any CPU
		{26DC0182-8BB4-4183-AAFA-08BBBC9FE57E}.Release|iPhone.ActiveCfg = Release|Any CPU
		{26DC0182-8BB4-4183-AAFA-08BBBC9FE57E}.Release|iPhone.Build.0 = Release|Any CPU
		{26DC0182-8BB4-4183-AAFA-08BBBC9FE57E}.Release|iPhone.Deploy.0 = Release|Any CPU
		{26DC0182-8BB4-4183-AAFA-08BBBC9FE57E}.Release|iPhoneSimulator.ActiveCfg = Release|Any CPU
		{26DC0182-8BB4-4183-AAFA-08BBBC9FE57E}.Release|iPhoneSimulator.Build.0 = Release|Any CPU
		{26DC0182-8BB4-4183-AAFA-08BBBC9FE57E}.Release|iPhoneSimulator.Deploy.0 = Release|Any CPU
	EndGlobalSection
	GlobalSection(SolutionProperties) = preSolution
		HideSolutionNode = FALSE
	EndGlobalSection
	GlobalSection(ExtensibilityGlobals) = postSolution
		SolutionGuid = {7131BF72-E85D-4768-B48F-EF42479FD331}
	EndGlobalSection
EndGlobal
